
Microsoft Visual Studio Solution File, Format Version 12.00
# Visual Studio Version 17
VisualStudioVersion = 17.8.34004.107
MinimumVisualStudioVersion = 10.0.40219.1
Project("{888888A0-9F3D-457C-B088-3A5042F75D52}") = "PythonCourse", "PythonCourse\PythonCourse.pyproj", "{F6B29AAE-C3D1-4B21-AAD5-FA9964A82E93}"
EndProject
Global
	GlobalSection(SolutionConfigurationPlatforms) = preSolution
		Debug|Any CPU = Debug|Any CPU
		Release|Any CPU = Release|Any CPU
	EndGlobalSection
	GlobalSection(ProjectConfigurationPlatforms) = postSolution
		{F6B29AAE-C3D1-4B21-AAD5-FA9964A82E93}.Debug|Any CPU.ActiveCfg = Debug|Any CPU
		{F6B29AAE-C3D1-4B21-AAD5-FA9964A82E93}.Release|Any CPU.ActiveCfg = Release|Any CPU
	EndGlobalSection
	GlobalSection(SolutionProperties) = preSolution
		HideSolutionNode = FALSE
	EndGlobalSection
	GlobalSection(ExtensibilityGlobals) = postSolution
		SolutionGuid = {36875BC7-5EA1-4F27-95B1-81B53231E31F}
	EndGlobalSection
EndGlobal
